github.com/grendeloz/interval v1.1.0 h1:ovCM2TRekyK5NHXRUCZ5M+YlAteG+wOpHaqioEXyXZY=
github.com/grendeloz/interval v1.1.0/go.mod h1:oWlkBxqXFw6g7Aw/8rvVJ4P6iRp4BkPWWbzSmCtXhV4=
github.com/grendeloz/ngs/selector v0.0.0-20220703054719-26d0a95406ac h1:zGztA4eoGaF+kumnwmt8x12xt4WqHwt7WW6TjjXb52U=
github.com/grendeloz/ngs/selector v0.0.0-20220703054719-26d0a95406ac/go.mod h1:TeujVhgs4nfaAdMwULuswkv8TpZlzduAcZzASIy9RG8=
